{
  "version": 4,
  "terraform_version": "1.14.2",
  "serial": 13,
  "lineage": "ee510d42-5eba-2fe8-f52d-beabc93a17d4",
  "outputs": {},
  "resources": [
    {
      "mode": "data",
      "type": "aws_caller_identity",
      "name": "current",
      "provider": "provider[\"registry.terraform.io/hashicorp/aws\"]",
      "instances": [
        {
          "schema_version": 0,
          "attributes": {
            "account_id": "681689809069",
            "arn": "arn:aws:iam::681689809069:root",
            "id": "681689809069",
            "user_id": "681689809069"
          },
          "sensitive_attributes": [],
          "identity_schema_version": 0
        }
      ]
    },
    {
      "mode": "managed",
      "type": "aws_cloudtrail",
      "name": "cloudtrail",
      "provider": "provider[\"registry.terraform.io/hashicorp/aws\"]",
      "instances": [
        {
          "schema_version": 1,
          "attributes": {
            "advanced_event_selector": [],
            "arn": "arn:aws:cloudtrail:us-east-1:681689809069:trail/aws-cs-monitoring-trail",
            "cloud_watch_logs_group_arn": "",
            "cloud_watch_logs_role_arn": "",
            "enable_log_file_validation": true,
            "enable_logging": true,
            "event_selector": [],
            "home_region": "us-east-1",
            "id": "arn:aws:cloudtrail:us-east-1:681689809069:trail/aws-cs-monitoring-trail",
            "include_global_service_events": true,
            "insight_selector": [],
            "is_multi_region_trail": true,
            "is_organization_trail": false,
            "kms_key_id": "",
            "name": "aws-cs-monitoring-trail",
            "region": "us-east-1",
            "s3_bucket_name": "aws-cs-monitoring-logs-f83faee4",
            "s3_key_prefix": "",
            "sns_topic_arn": "",
            "sns_topic_name": "",
            "tags": {},
            "tags_all": {}
          },
          "sensitive_attributes": [],
          "identity_schema_version": 0,
          "identity": {
            "arn": "arn:aws:cloudtrail:us-east-1:681689809069:trail/aws-cs-monitoring-trail"
          },
          "private": "eyJzY2hlbWFfdmVyc2lvbiI6IjEifQ==",
          "dependencies": [
            "aws_s3_bucket.cloudtrail_logs",
            "random_id.bucket_id"
          ]
        }
      ]
    },
    {
      "mode": "managed",
      "type": "aws_cloudwatch_log_group",
      "name": "cloudtrail_logs",
      "provider": "provider[\"registry.terraform.io/hashicorp/aws\"]",
      "instances": [
        {
          "schema_version": 0,
          "attributes": {
            "arn": "arn:aws:logs:us-east-1:681689809069:log-group:/aws/cloudtrail/logs",
            "deletion_protection_enabled": false,
            "id": "/aws/cloudtrail/logs",
            "kms_key_id": "",
            "log_group_class": "STANDARD",
            "name": "/aws/cloudtrail/logs",
            "name_prefix": "",
            "region": "us-east-1",
            "retention_in_days": 90,
            "skip_destroy": false,
            "tags": {},
            "tags_all": {}
          },
          "sensitive_attributes": [],
          "identity_schema_version": 0,
          "identity": {
            "account_id": "681689809069",
            "name": "/aws/cloudtrail/logs",
            "region": "us-east-1"
          },
          "private": "bnVsbA=="
        }
      ]
    },
    {
      "mode": "managed",
      "type": "aws_iam_role",
      "name": "lambda_role",
      "provider": "provider[\"registry.terraform.io/hashicorp/aws\"]",
      "instances": [
        {
          "schema_version": 0,
          "attributes": {
            "arn": "arn:aws:iam::681689809069:role/cs_monitoring_lambda_role",
            "assume_role_policy": "{\"Statement\":[{\"Action\":\"sts:AssumeRole\",\"Effect\":\"Allow\",\"Principal\":{\"Service\":\"lambda.amazonaws.com\"}}],\"Version\":\"2012-10-17\"}",
            "create_date": "2025-12-12T13:46:10Z",
            "description": "",
            "force_detach_policies": false,
            "id": "cs_monitoring_lambda_role",
            "inline_policy": [],
            "managed_policy_arns": [],
            "max_session_duration": 3600,
            "name": "cs_monitoring_lambda_role",
            "name_prefix": "",
            "path": "/",
            "permissions_boundary": "",
            "tags": {},
            "tags_all": {},
            "unique_id": "AROAZ5N7BACWSSFBW2FOH"
          },
          "sensitive_attributes": [],
          "identity_schema_version": 0,
          "identity": {
            "account_id": "681689809069",
            "name": "cs_monitoring_lambda_role"
          },
          "private": "bnVsbA=="
        }
      ]
    },
    {
      "mode": "managed",
      "type": "aws_lambda_function",
      "name": "log_ingest",
      "provider": "provider[\"registry.terraform.io/hashicorp/aws\"]",
      "instances": [
        {
          "schema_version": 0,
          "attributes": {
            "architectures": [
              "x86_64"
            ],
            "arn": "arn:aws:lambda:us-east-1:681689809069:function:cs_monitoring_log_ingest",
            "capacity_provider_config": [],
            "code_sha256": "dax01v84nVrXnxFXLEUeOGVSCP318GRsRcCoKS3QZ3M=",
            "code_signing_config_arn": "",
            "dead_letter_config": [],
            "description": "",
            "durable_config": [],
            "environment": [],
            "ephemeral_storage": [
              {
                "size": 512
              }
            ],
            "file_system_config": [],
            "filename": "lambda/log_ingest.zip",
            "function_name": "cs_monitoring_log_ingest",
            "handler": "log_ingest.lambda_handler",
            "id": "cs_monitoring_log_ingest",
            "image_config": [],
            "image_uri": "",
            "invoke_arn": "arn:aws:apigateway:us-east-1:lambda:path/2015-03-31/functions/arn:aws:lambda:us-east-1:681689809069:function:cs_monitoring_log_ingest/invocations",
            "kms_key_arn": "",
            "last_modified": "2025-12-12T13:51:17.000+0000",
            "layers": [],
            "logging_config": [
              {
                "application_log_level": "",
                "log_format": "Text",
                "log_group": "/aws/lambda/cs_monitoring_log_ingest",
                "system_log_level": ""
              }
            ],
            "memory_size": 128,
            "package_type": "Zip",
            "publish": false,
            "publish_to": null,
            "qualified_arn": "arn:aws:lambda:us-east-1:681689809069:function:cs_monitoring_log_ingest:$LATEST",
            "qualified_invoke_arn": "arn:aws:apigateway:us-east-1:lambda:path/2015-03-31/functions/arn:aws:lambda:us-east-1:681689809069:function:cs_monitoring_log_ingest:$LATEST/invocations",
            "region": "us-east-1",
            "replace_security_groups_on_destroy": null,
            "replacement_security_group_ids": null,
            "reserved_concurrent_executions": -1,
            "role": "arn:aws:iam::681689809069:role/cs_monitoring_lambda_role",
            "runtime": "python3.11",
            "s3_bucket": null,
            "s3_key": null,
            "s3_object_version": null,
            "signing_job_arn": "",
            "signing_profile_version_arn": "",
            "skip_destroy": false,
            "snap_start": [],
            "source_code_hash": "dax01v84nVrXnxFXLEUeOGVSCP318GRsRcCoKS3QZ3M=",
            "source_code_size": 301,
            "source_kms_key_arn": "",
            "tags": {},
            "tags_all": {},
            "tenancy_config": [],
            "timeout": 3,
            "timeouts": null,
            "tracing_config": [
              {
                "mode": "PassThrough"
              }
            ],
            "version": "$LATEST",
            "vpc_config": []
          },
          "sensitive_attributes": [],
          "identity_schema_version": 0,
          "identity": {
            "account_id": "681689809069",
            "function_name": "cs_monitoring_log_ingest",
            "region": "us-east-1"
          },
          "private": "eyJlMmJmYjczMC1lY2FhLTExZTYtOGY4OC0zNDM2M2JjN2M0YzAiOnsiY3JlYXRlIjo2MDAwMDAwMDAwMDAsImRlbGV0ZSI6NjAwMDAwMDAwMDAwLCJ1cGRhdGUiOjYwMDAwMDAwMDAwMH19",
          "dependencies": [
            "aws_iam_role.lambda_role"
          ]
        }
      ]
    },
    {
      "mode": "managed",
      "type": "aws_s3_bucket",
      "name": "cloudtrail_logs",
      "provider": "provider[\"registry.terraform.io/hashicorp/aws\"]",
      "instances": [
        {
          "schema_version": 0,
          "attributes": {
            "acceleration_status": "",
            "acl": "private",
            "arn": "arn:aws:s3:::aws-cs-monitoring-logs-f83faee4",
            "bucket": "aws-cs-monitoring-logs-f83faee4",
            "bucket_domain_name": "aws-cs-monitoring-logs-f83faee4.s3.amazonaws.com",
            "bucket_prefix": "",
            "bucket_region": "us-east-1",
            "bucket_regional_domain_name": "aws-cs-monitoring-logs-f83faee4.s3.us-east-1.amazonaws.com",
            "cors_rule": [],
            "force_destroy": false,
            "grant": [
              {
                "id": "73ec54e14a243227a0675eb238903d57837de59c580422e8c08429e3101b6bd9",
                "permissions": [
                  "FULL_CONTROL"
                ],
                "type": "CanonicalUser",
                "uri": ""
              }
            ],
            "hosted_zone_id": "Z3AQBSTGFYJSTF",
            "id": "aws-cs-monitoring-logs-f83faee4",
            "lifecycle_rule": [],
            "logging": [],
            "object_lock_configuration": [],
            "object_lock_enabled": false,
            "policy": "{\"Statement\":[{\"Action\":\"s3:GetBucketAcl\",\"Effect\":\"Allow\",\"Principal\":{\"Service\":\"cloudtrail.amazonaws.com\"},\"Resource\":\"arn:aws:s3:::aws-cs-monitoring-logs-f83faee4\",\"Sid\":\"AWSCloudTrailAclCheck\"},{\"Action\":\"s3:PutObject\",\"Condition\":{\"StringEquals\":{\"s3:x-amz-acl\":\"bucket-owner-full-control\"}},\"Effect\":\"Allow\",\"Principal\":{\"Service\":\"cloudtrail.amazonaws.com\"},\"Resource\":\"arn:aws:s3:::aws-cs-monitoring-logs-f83faee4/AWSLogs/681689809069/*\",\"Sid\":\"AWSCloudTrailWrite\"}],\"Version\":\"2012-10-17\"}",
            "region": "us-east-1",
            "replication_configuration": [],
            "request_payer": "BucketOwner",
            "server_side_encryption_configuration": [
              {
                "rule": [
                  {
                    "apply_server_side_encryption_by_default": [
                      {
                        "kms_master_key_id": "",
                        "sse_algorithm": "AES256"
                      }
                    ],
                    "bucket_key_enabled": false
                  }
                ]
              }
            ],
            "tags": {},
            "tags_all": {},
            "timeouts": null,
            "versioning": [
              {
                "enabled": true,
                "mfa_delete": false
              }
            ],
            "website": [],
            "website_domain": null,
            "website_endpoint": null
          },
          "sensitive_attributes": [],
          "identity_schema_version": 0,
          "identity": {
            "account_id": "681689809069",
            "bucket": "aws-cs-monitoring-logs-f83faee4",
            "region": "us-east-1"
          },
          "private": "eyJlMmJmYjczMC1lY2FhLTExZTYtOGY4OC0zNDM2M2JjN2M0YzAiOnsiY3JlYXRlIjoxMjAwMDAwMDAwMDAwLCJkZWxldGUiOjM2MDAwMDAwMDAwMDAsInJlYWQiOjEyMDAwMDAwMDAwMDAsInVwZGF0ZSI6MTIwMDAwMDAwMDAwMH19",
          "dependencies": [
            "random_id.bucket_id"
          ]
        }
      ]
    },
    {
      "mode": "managed",
      "type": "aws_s3_bucket_policy",
      "name": "cloudtrail_logs_policy",
      "provider": "provider[\"registry.terraform.io/hashicorp/aws\"]",
      "instances": [
        {
          "schema_version": 0,
          "attributes": {
            "bucket": "aws-cs-monitoring-logs-f83faee4",
            "id": "aws-cs-monitoring-logs-f83faee4",
            "policy": "{\"Statement\":[{\"Action\":\"s3:GetBucketAcl\",\"Effect\":\"Allow\",\"Principal\":{\"Service\":\"cloudtrail.amazonaws.com\"},\"Resource\":\"arn:aws:s3:::aws-cs-monitoring-logs-f83faee4\",\"Sid\":\"AWSCloudTrailAclCheck\"},{\"Action\":\"s3:PutObject\",\"Condition\":{\"StringEquals\":{\"s3:x-amz-acl\":\"bucket-owner-full-control\"}},\"Effect\":\"Allow\",\"Principal\":{\"Service\":\"cloudtrail.amazonaws.com\"},\"Resource\":\"arn:aws:s3:::aws-cs-monitoring-logs-f83faee4/AWSLogs/681689809069/*\",\"Sid\":\"AWSCloudTrailWrite\"}],\"Version\":\"2012-10-17\"}",
            "region": "us-east-1"
          },
          "sensitive_attributes": [],
          "identity_schema_version": 0,
          "identity": {
            "account_id": "681689809069",
            "bucket": "aws-cs-monitoring-logs-f83faee4",
            "region": "us-east-1"
          },
          "private": "bnVsbA==",
          "dependencies": [
            "aws_s3_bucket.cloudtrail_logs",
            "data.aws_caller_identity.current",
            "random_id.bucket_id"
          ]
        }
      ]
    },
    {
      "mode": "managed",
      "type": "aws_s3_bucket_versioning",
      "name": "cloudtrail_logs_versioning",
      "provider": "provider[\"registry.terraform.io/hashicorp/aws\"]",
      "instances": [
        {
          "schema_version": 0,
          "attributes": {
            "bucket": "aws-cs-monitoring-logs-f83faee4",
            "expected_bucket_owner": "",
            "id": "aws-cs-monitoring-logs-f83faee4",
            "mfa": null,
            "region": "us-east-1",
            "versioning_configuration": [
              {
                "mfa_delete": "",
                "status": "Enabled"
              }
            ]
          },
          "sensitive_attributes": [],
          "identity_schema_version": 0,
          "identity": {
            "account_id": "681689809069",
            "bucket": "aws-cs-monitoring-logs-f83faee4",
            "expected_bucket_owner": null,
            "region": "us-east-1"
          },
          "private": "bnVsbA==",
          "dependencies": [
            "aws_s3_bucket.cloudtrail_logs",
            "random_id.bucket_id"
          ]
        }
      ]
    },
    {
      "mode": "managed",
      "type": "random_id",
      "name": "bucket_id",
      "provider": "provider[\"registry.terraform.io/hashicorp/random\"]",
      "instances": [
        {
          "schema_version": 0,
          "attributes": {
            "b64_std": "+D+u5A==",
            "b64_url": "-D-u5A",
            "byte_length": 4,
            "dec": "4164923108",
            "hex": "f83faee4",
            "id": "-D-u5A",
            "keepers": null,
            "prefix": null
          },
          "sensitive_attributes": [],
          "identity_schema_version": 0
        }
      ]
    }
  ],
  "check_results": null
}
